{
  "name": "eslive",
  "version": "0.0.2",
  "lockfileVersion": 3,
  "requires": true,
  "packages": {
    "": {
      "name": "eslive",
      "version": "0.0.2",
      "license": "ISC",
      "devDependencies": {
        "esbuild-wasm": "^0.23.0"
      }
    },
    "node_modules/esbuild-wasm": {
      "version": "0.23.0",
      "resolved": "https://registry.npmjs.org/esbuild-wasm/-/esbuild-wasm-0.23.0.tgz",
      "integrity": "sha512-6jP8UmWy6R6TUUV8bMuC3ZyZ6lZKI56x0tkxyCIqWwRRJ/DgeQKneh/Oid5EoGoPFLrGNkz47ZEtWAYuiY/u9g==",
      "dev": true,
      "license": "MIT",
      "bin": {
        "esbuild": "bin/esbuild"
      },
      "engines": {
        "node": ">=18"
      }
    }
  }
}
